
Microsoft Visual Studio Solution File, Format Version 12.00
# Visual Studio Version 17
VisualStudioVersion = 17.3.32929.385
MinimumVisualStudioVersion = 10.0.40219.1
Project("{FAE04EC0-301F-11D3-BF4B-00C04F79EFBC}") = "Variant 6", "Variant 6\Variant 6.csproj", "{252E4F14-626E-42DE-8A93-753A6F1D452D}"
EndProject
Global
	GlobalSection(SolutionConfigurationPlatforms) = preSolution
		Debug|Any CPU = Debug|Any CPU
		Release|Any CPU = Release|Any CPU
	EndGlobalSection
	GlobalSection(ProjectConfigurationPlatforms) = postSolution
		{252E4F14-626E-42DE-8A93-753A6F1D452D}.Debug|Any CPU.ActiveCfg = Debug|Any CPU
		{252E4F14-626E-42DE-8A93-753A6F1D452D}.Debug|Any CPU.Build.0 = Debug|Any CPU
		{252E4F14-626E-42DE-8A93-753A6F1D452D}.Release|Any CPU.ActiveCfg = Release|Any CPU
		{252E4F14-626E-42DE-8A93-753A6F1D452D}.Release|Any CPU.Build.0 = Release|Any CPU
	EndGlobalSection
	GlobalSection(SolutionProperties) = preSolution
		HideSolutionNode = FALSE
	EndGlobalSection
	GlobalSection(ExtensibilityGlobals) = postSolution
		SolutionGuid = {22457320-EC8A-4536-BC6A-148C7EC419A8}
	EndGlobalSection
EndGlobal
